
Microsoft Visual Studio Solution File, Format Version 12.00
# Visual Studio Version 17
VisualStudioVersion = 17.3.32929.385
MinimumVisualStudioVersion = 10.0.40219.1
Project("{9A19103F-16F7-4668-BE54-9A1E7A4F7556}") = "CodeFirst", "CodeFirst\CodeFirst.csproj", "{685E785B-C767-4E9E-ABA6-3C75BB911EA4}"
EndProject
Project("{FAE04EC0-301F-11D3-BF4B-00C04F79EFBC}") = "DataFirst", "DataFirst\DataFirst.csproj", "{18CC5772-9A89-4D20-AA25-74CACC7E539E}"
EndProject
Global
	GlobalSection(SolutionConfigurationPlatforms) = preSolution
		Debug|Any CPU = Debug|Any CPU
		Release|Any CPU = Release|Any CPU
	EndGlobalSection
	GlobalSection(ProjectConfigurationPlatforms) = postSolution
		{685E785B-C767-4E9E-ABA6-3C75BB911EA4}.Debug|Any CPU.ActiveCfg = Debug|Any CPU
		{685E785B-C767-4E9E-ABA6-3C75BB911EA4}.Debug|Any CPU.Build.0 = Debug|Any CPU
		{685E785B-C767-4E9E-ABA6-3C75BB911EA4}.Release|Any CPU.ActiveCfg = Release|Any CPU
		{685E785B-C767-4E9E-ABA6-3C75BB911EA4}.Release|Any CPU.Build.0 = Release|Any CPU
		{18CC5772-9A89-4D20-AA25-74CACC7E539E}.Debug|Any CPU.ActiveCfg = Debug|Any CPU
		{18CC5772-9A89-4D20-AA25-74CACC7E539E}.Debug|Any CPU.Build.0 = Debug|Any CPU
		{18CC5772-9A89-4D20-AA25-74CACC7E539E}.Release|Any CPU.ActiveCfg = Release|Any CPU
		{18CC5772-9A89-4D20-AA25-74CACC7E539E}.Release|Any CPU.Build.0 = Release|Any CPU
	EndGlobalSection
	GlobalSection(SolutionProperties) = preSolution
		HideSolutionNode = FALSE
	EndGlobalSection
	GlobalSection(ExtensibilityGlobals) = postSolution
		SolutionGuid = {3BE5FD0A-B183-424F-B847-CF29BA846A25}
	EndGlobalSection
EndGlobal
